// !$*UTF8*$!
{
	archiveVersion = 1;
	classes = {
	};
	objectVersion = 56;
	objects = {

/* Begin PBXBuildFile section */
		4FD02F145952F7FFD250A9AC /* Pods_HammerSystems.framework in Frameworks */ = {isa = PBXBuildFile; fileRef = F2B3738E37F2A1CE4574019D /* Pods_HammerSystems.framework */; };
		AE82EDFC2A449DA300C366C3 /* AppDelegate.swift in Sources */ = {isa = PBXBuildFile; fileRef = AE82EDFB2A449DA300C366C3 /* AppDelegate.swift */; };
		AE82EDFE2A449DA300C366C3 /* SceneDelegate.swift in Sources */ = {isa = PBXBuildFile; fileRef = AE82EDFD2A449DA300C366C3 /* SceneDelegate.swift */; };
		AE82EE052A449DA400C366C3 /* Assets.xcassets in Resources */ = {isa = PBXBuildFile; fileRef = AE82EE042A449DA400C366C3 /* Assets.xcassets */; };
		AE82EE082A449DA400C366C3 /* LaunchScreen.storyboard in Resources */ = {isa = PBXBuildFile; fileRef = AE82EE062A449DA400C366C3 /* LaunchScreen.storyboard */; };
		AEECAFF22A44A842003616F6 /* .swiftlint.yml in Resources */ = {isa = PBXBuildFile; fileRef = AEECAFF12A44A842003616F6 /* .swiftlint.yml */; };
		AEECAFF52A44AA53003616F6 /* Coordinator.swift in Sources */ = {isa = PBXBuildFile; fileRef = AEECAFF42A44AA53003616F6 /* Coordinator.swift */; };
		AEECAFF72A44ABBF003616F6 /* MainCoordinator.swift in Sources */ = {isa = PBXBuildFile; fileRef = AEECAFF62A44ABBF003616F6 /* MainCoordinator.swift */; };
		AEECAFFA2A44ABCD003616F6 /* TabBarController.swift in Sources */ = {isa = PBXBuildFile; fileRef = AEECAFF92A44ABCD003616F6 /* TabBarController.swift */; };
		AEECAFFC2A44AF60003616F6 /* TabBarCoordinator.swift in Sources */ = {isa = PBXBuildFile; fileRef = AEECAFFB2A44AF60003616F6 /* TabBarCoordinator.swift */; };
		AEECB0022A44B170003616F6 /* BaseViewController.swift in Sources */ = {isa = PBXBuildFile; fileRef = AEECB0012A44B170003616F6 /* BaseViewController.swift */; };
		AEECB0042A44B1CF003616F6 /* R.generated.swift in Sources */ = {isa = PBXBuildFile; fileRef = AEECB0032A44B1CF003616F6 /* R.generated.swift */; };
		AEECB00E2A44B9EC003616F6 /* HomeViewController.swift in Sources */ = {isa = PBXBuildFile; fileRef = AEECB00D2A44B9EC003616F6 /* HomeViewController.swift */; };
		AEECB0102A44BA3E003616F6 /* HomeCoordinator.swift in Sources */ = {isa = PBXBuildFile; fileRef = AEECB00F2A44BA3E003616F6 /* HomeCoordinator.swift */; };
		AEECB0132A44BA52003616F6 /* ContactsCoordinator.swift in Sources */ = {isa = PBXBuildFile; fileRef = AEECB0122A44BA52003616F6 /* ContactsCoordinator.swift */; };
		AEECB01C2A44BA9B003616F6 /* ProfileCoordinator.swift in Sources */ = {isa = PBXBuildFile; fileRef = AEECB01B2A44BA9B003616F6 /* ProfileCoordinator.swift */; };
		AEECB0222A44BACD003616F6 /* BasketCoordinator.swift in Sources */ = {isa = PBXBuildFile; fileRef = AEECB0212A44BACD003616F6 /* BasketCoordinator.swift */; };
		AEECB0242A44BB3D003616F6 /* BasketViewController.swift in Sources */ = {isa = PBXBuildFile; fileRef = AEECB0232A44BB3D003616F6 /* BasketViewController.swift */; };
		AEECB0262A44BB97003616F6 /* ProfileViewController.swift in Sources */ = {isa = PBXBuildFile; fileRef = AEECB0252A44BB97003616F6 /* ProfileViewController.swift */; };
		AEECB0282A44BBE7003616F6 /* ContactsViewController.swift in Sources */ = {isa = PBXBuildFile; fileRef = AEECB0272A44BBE7003616F6 /* ContactsViewController.swift */; };
		AEECB0312A457B88003616F6 /* sf-black.otf in Resources */ = {isa = PBXBuildFile; fileRef = AEECB0292A457B87003616F6 /* sf-black.otf */; };
		AEECB0322A457B88003616F6 /* sf-bold.otf in Resources */ = {isa = PBXBuildFile; fileRef = AEECB02A2A457B88003616F6 /* sf-bold.otf */; };
		AEECB0332A457B88003616F6 /* sf-thin.otf in Resources */ = {isa = PBXBuildFile; fileRef = AEECB02B2A457B88003616F6 /* sf-thin.otf */; };
		AEECB0342A457B88003616F6 /* sf-light.otf in Resources */ = {isa = PBXBuildFile; fileRef = AEECB02C2A457B88003616F6 /* sf-light.otf */; };
		AEECB0352A457B88003616F6 /* sf-ultralight.otf in Resources */ = {isa = PBXBuildFile; fileRef = AEECB02D2A457B88003616F6 /* sf-ultralight.otf */; };
		AEECB0362A457B88003616F6 /* sf-medium.otf in Resources */ = {isa = PBXBuildFile; fileRef = AEECB02E2A457B88003616F6 /* sf-medium.otf */; };
		AEECB0372A457B88003616F6 /* sf-semibold.otf in Resources */ = {isa = PBXBuildFile; fileRef = AEECB02F2A457B88003616F6 /* sf-semibold.otf */; };
		AEECB0382A457B88003616F6 /* sf-heavy.otf in Resources */ = {isa = PBXBuildFile; fileRef = AEECB0302A457B88003616F6 /* sf-heavy.otf */; };
		AEECB03A2A45A789003616F6 /* HomePresenter.swift in Sources */ = {isa = PBXBuildFile; fileRef = AEECB0392A45A789003616F6 /* HomePresenter.swift */; };
		AEECB03C2A45A901003616F6 /* HomeModel.swift in Sources */ = {isa = PBXBuildFile; fileRef = AEECB03B2A45A901003616F6 /* HomeModel.swift */; };
		AEECB0412A45BC71003616F6 /* TableViewHeader.swift in Sources */ = {isa = PBXBuildFile; fileRef = AEECB0402A45BC71003616F6 /* TableViewHeader.swift */; };
		AEECB0432A45C2A2003616F6 /* BannerCollectionViewCell.swift in Sources */ = {isa = PBXBuildFile; fileRef = AEECB0422A45C2A2003616F6 /* BannerCollectionViewCell.swift */; };
		AEECB0452A45C4B1003616F6 /* Extension + CollectionView.swift in Sources */ = {isa = PBXBuildFile; fileRef = AEECB0442A45C4B1003616F6 /* Extension + CollectionView.swift */; };
/* End PBXBuildFile section */

/* Begin PBXFileReference section */
		7ABF228711485B6C5BA8C756 /* Pods-HammerSystems.debug.xcconfig */ = {isa = PBXFileReference; includeInIndex = 1; lastKnownFileType = text.xcconfig; name = "Pods-HammerSystems.debug.xcconfig"; path = "Target Support Files/Pods-HammerSystems/Pods-HammerSystems.debug.xcconfig"; sourceTree = "<group>"; };
		AE82EDF82A449DA300C366C3 /* HammerSystems.app */ = {isa = PBXFileReference; explicitFileType = wrapper.application; includeInIndex = 0; path = HammerSystems.app; sourceTree = BUILT_PRODUCTS_DIR; };
		AE82EDFB2A449DA300C366C3 /* AppDelegate.swift */ = {isa = PBXFileReference; lastKnownFileType = sourcecode.swift; path = AppDelegate.swift; sourceTree = "<group>"; };
		AE82EDFD2A449DA300C366C3 /* SceneDelegate.swift */ = {isa = PBXFileReference; lastKnownFileType = sourcecode.swift; path = SceneDelegate.swift; sourceTree = "<group>"; };
		AE82EE042A449DA400C366C3 /* Assets.xcassets */ = {isa = PBXFileReference; lastKnownFileType = folder.assetcatalog; path = Assets.xcassets; sourceTree = "<group>"; };
		AE82EE072A449DA400C366C3 /* Base */ = {isa = PBXFileReference; lastKnownFileType = file.storyboard; name = Base; path = Base.lproj/LaunchScreen.storyboard; sourceTree = "<group>"; };
		AE82EE092A449DA400C366C3 /* Info.plist */ = {isa = PBXFileReference; lastKnownFileType = text.plist.xml; path = Info.plist; sourceTree = "<group>"; };
		AEECAFF12A44A842003616F6 /* .swiftlint.yml */ = {isa = PBXFileReference; fileEncoding = 4; lastKnownFileType = text.yaml; path = .swiftlint.yml; sourceTree = "<group>"; };
		AEECAFF42A44AA53003616F6 /* Coordinator.swift */ = {isa = PBXFileReference; lastKnownFileType = sourcecode.swift; path = Coordinator.swift; sourceTree = "<group>"; };
		AEECAFF62A44ABBF003616F6 /* MainCoordinator.swift */ = {isa = PBXFileReference; lastKnownFileType = sourcecode.swift; path = MainCoordinator.swift; sourceTree = "<group>"; };
		AEECAFF92A44ABCD003616F6 /* TabBarController.swift */ = {isa = PBXFileReference; lastKnownFileType = sourcecode.swift; path = TabBarController.swift; sourceTree = "<group>"; };
		AEECAFFB2A44AF60003616F6 /* TabBarCoordinator.swift */ = {isa = PBXFileReference; lastKnownFileType = sourcecode.swift; path = TabBarCoordinator.swift; sourceTree = "<group>"; };
		AEECB0012A44B170003616F6 /* BaseViewController.swift */ = {isa = PBXFileReference; lastKnownFileType = sourcecode.swift; path = BaseViewController.swift; sourceTree = "<group>"; };
		AEECB0032A44B1CF003616F6 /* R.generated.swift */ = {isa = PBXFileReference; lastKnownFileType = sourcecode.swift; path = R.generated.swift; sourceTree = "<group>"; };
		AEECB00D2A44B9EC003616F6 /* HomeViewController.swift */ = {isa = PBXFileReference; lastKnownFileType = sourcecode.swift; path = HomeViewController.swift; sourceTree = "<group>"; };
		AEECB00F2A44BA3E003616F6 /* HomeCoordinator.swift */ = {isa = PBXFileReference; lastKnownFileType = sourcecode.swift; path = HomeCoordinator.swift; sourceTree = "<group>"; };
		AEECB0122A44BA52003616F6 /* ContactsCoordinator.swift */ = {isa = PBXFileReference; lastKnownFileType = sourcecode.swift; path = ContactsCoordinator.swift; sourceTree = "<group>"; };
		AEECB01B2A44BA9B003616F6 /* ProfileCoordinator.swift */ = {isa = PBXFileReference; lastKnownFileType = sourcecode.swift; path = ProfileCoordinator.swift; sourceTree = "<group>"; };
		AEECB0212A44BACD003616F6 /* BasketCoordinator.swift */ = {isa = PBXFileReference; lastKnownFileType = sourcecode.swift; path = BasketCoordinator.swift; sourceTree = "<group>"; };
		AEECB0232A44BB3D003616F6 /* BasketViewController.swift */ = {isa = PBXFileReference; lastKnownFileType = sourcecode.swift; path = BasketViewController.swift; sourceTree = "<group>"; };
		AEECB0252A44BB97003616F6 /* ProfileViewController.swift */ = {isa = PBXFileReference; lastKnownFileType = sourcecode.swift; path = ProfileViewController.swift; sourceTree = "<group>"; };
		AEECB0272A44BBE7003616F6 /* ContactsViewController.swift */ = {isa = PBXFileReference; lastKnownFileType = sourcecode.swift; path = ContactsViewController.swift; sourceTree = "<group>"; };
		AEECB0292A457B87003616F6 /* sf-black.otf */ = {isa = PBXFileReference; lastKnownFileType = file; path = "sf-black.otf"; sourceTree = "<group>"; };
		AEECB02A2A457B88003616F6 /* sf-bold.otf */ = {isa = PBXFileReference; lastKnownFileType = file; path = "sf-bold.otf"; sourceTree = "<group>"; };
		AEECB02B2A457B88003616F6 /* sf-thin.otf */ = {isa = PBXFileReference; lastKnownFileType = file; path = "sf-thin.otf"; sourceTree = "<group>"; };
		AEECB02C2A457B88003616F6 /* sf-light.otf */ = {isa = PBXFileReference; lastKnownFileType = file; path = "sf-light.otf"; sourceTree = "<group>"; };
		AEECB02D2A457B88003616F6 /* sf-ultralight.otf */ = {isa = PBXFileReference; lastKnownFileType = file; path = "sf-ultralight.otf"; sourceTree = "<group>"; };
		AEECB02E2A457B88003616F6 /* sf-medium.otf */ = {isa = PBXFileReference; lastKnownFileType = file; path = "sf-medium.otf"; sourceTree = "<group>"; };
		AEECB02F2A457B88003616F6 /* sf-semibold.otf */ = {isa = PBXFileReference; lastKnownFileType = file; path = "sf-semibold.otf"; sourceTree = "<group>"; };
		AEECB0302A457B88003616F6 /* sf-heavy.otf */ = {isa = PBXFileReference; lastKnownFileType = file; path = "sf-heavy.otf"; sourceTree = "<group>"; };
		AEECB0392A45A789003616F6 /* HomePresenter.swift */ = {isa = PBXFileReference; lastKnownFileType = sourcecode.swift; path = HomePresenter.swift; sourceTree = "<group>"; };
		AEECB03B2A45A901003616F6 /* HomeModel.swift */ = {isa = PBXFileReference; lastKnownFileType = sourcecode.swift; path = HomeModel.swift; sourceTree = "<group>"; };
		AEECB0402A45BC71003616F6 /* TableViewHeader.swift */ = {isa = PBXFileReference; lastKnownFileType = sourcecode.swift; path = TableViewHeader.swift; sourceTree = "<group>"; };
		AEECB0422A45C2A2003616F6 /* BannerCollectionViewCell.swift */ = {isa = PBXFileReference; lastKnownFileType = sourcecode.swift; path = BannerCollectionViewCell.swift; sourceTree = "<group>"; };
		AEECB0442A45C4B1003616F6 /* Extension + CollectionView.swift */ = {isa = PBXFileReference; lastKnownFileType = sourcecode.swift; path = "Extension + CollectionView.swift"; sourceTree = "<group>"; };
		F0C01D920E29A41AC9E1A360 /* Pods-HammerSystems.release.xcconfig */ = {isa = PBXFileReference; includeInIndex = 1; lastKnownFileType = text.xcconfig; name = "Pods-HammerSystems.release.xcconfig"; path = "Target Support Files/Pods-HammerSystems/Pods-HammerSystems.release.xcconfig"; sourceTree = "<group>"; };
		F2B3738E37F2A1CE4574019D /* Pods_HammerSystems.framework */ = {isa = PBXFileReference; explicitFileType = wrapper.framework; includeInIndex = 0; path = Pods_HammerSystems.framework; sourceTree = BUILT_PRODUCTS_DIR; };
/* End PBXFileReference section */

/* Begin PBXFrameworksBuildPhase section */
		AE82EDF52A449DA300C366C3 /* Frameworks */ = {
			isa = PBXFrameworksBuildPhase;
			buildActionMask = 2147483647;
			files = (
				4FD02F145952F7FFD250A9AC /* Pods_HammerSystems.framework in Frameworks */,
			);
			runOnlyForDeploymentPostprocessing = 0;
		};
/* End PBXFrameworksBuildPhase section */

/* Begin PBXGroup section */
		AE82EDEF2A449DA300C366C3 = {
			isa = PBXGroup;
			children = (
				AEECAFF12A44A842003616F6 /* .swiftlint.yml */,
				AEECB0292A457B87003616F6 /* sf-black.otf */,
				AEECB02A2A457B88003616F6 /* sf-bold.otf */,
				AEECB0302A457B88003616F6 /* sf-heavy.otf */,
				AEECB02C2A457B88003616F6 /* sf-light.otf */,
				AEECB02E2A457B88003616F6 /* sf-medium.otf */,
				AEECB02F2A457B88003616F6 /* sf-semibold.otf */,
				AEECB02B2A457B88003616F6 /* sf-thin.otf */,
				AEECB02D2A457B88003616F6 /* sf-ultralight.otf */,
				AE82EDFA2A449DA300C366C3 /* HammerSystems */,
				AE82EDF92A449DA300C366C3 /* Products */,
				D8B49F612A15B10C96813FE7 /* Pods */,
				EE7AA502834A21B41E88EA73 /* Frameworks */,
			);
			sourceTree = "<group>";
		};
		AE82EDF92A449DA300C366C3 /* Products */ = {
			isa = PBXGroup;
			children = (
				AE82EDF82A449DA300C366C3 /* HammerSystems.app */,
			);
			name = Products;
			sourceTree = "<group>";
		};
		AE82EDFA2A449DA300C366C3 /* HammerSystems */ = {
			isa = PBXGroup;
			children = (
				AE82EDFB2A449DA300C366C3 /* AppDelegate.swift */,
				AEECB0032A44B1CF003616F6 /* R.generated.swift */,
				AE82EDFD2A449DA300C366C3 /* SceneDelegate.swift */,
				AEECB0072A44B9C2003616F6 /* Components */,
				AEECB0002A44B158003616F6 /* Extensions */,
				AEECAFFF2A44B151003616F6 /* Reusable */,
				AEECAFF82A44ABC2003616F6 /* TabBar */,
				AEECAFF32A44AA48003616F6 /* Coordinator */,
				AE82EE042A449DA400C366C3 /* Assets.xcassets */,
				AE82EE062A449DA400C366C3 /* LaunchScreen.storyboard */,
				AE82EE092A449DA400C366C3 /* Info.plist */,
			);
			path = HammerSystems;
			sourceTree = "<group>";
		};
		AEECAFF32A44AA48003616F6 /* Coordinator */ = {
			isa = PBXGroup;
			children = (
				AEECAFF42A44AA53003616F6 /* Coordinator.swift */,
				AEECAFF62A44ABBF003616F6 /* MainCoordinator.swift */,
				AEECAFFB2A44AF60003616F6 /* TabBarCoordinator.swift */,
			);
			path = Coordinator;
			sourceTree = "<group>";
		};
		AEECAFF82A44ABC2003616F6 /* TabBar */ = {
			isa = PBXGroup;
			children = (
				AEECAFF92A44ABCD003616F6 /* TabBarController.swift */,
			);
			path = TabBar;
			sourceTree = "<group>";
		};
		AEECAFFF2A44B151003616F6 /* Reusable */ = {
			isa = PBXGroup;
			children = (
				AEECB0012A44B170003616F6 /* BaseViewController.swift */,
			);
			path = Reusable;
			sourceTree = "<group>";
		};
		AEECB0002A44B158003616F6 /* Extensions */ = {
			isa = PBXGroup;
			children = (
				AEECB0442A45C4B1003616F6 /* Extension + CollectionView.swift */,
			);
			path = Extensions;
			sourceTree = "<group>";
		};
		AEECB0072A44B9C2003616F6 /* Components */ = {
			isa = PBXGroup;
			children = (
				AEECB0082A44B9C8003616F6 /* Main */,
			);
			path = Components;
			sourceTree = "<group>";
		};
		AEECB0082A44B9C8003616F6 /* Main */ = {
			isa = PBXGroup;
			children = (
				AEECB01D2A44BAB2003616F6 /* Basket */,
				AEECB0172A44BA80003616F6 /* Profile */,
				AEECB0112A44BA41003616F6 /* Contacts */,
				AEECB0092A44B9CE003616F6 /* Home */,
			);
			path = Main;
			sourceTree = "<group>";
		};
		AEECB0092A44B9CE003616F6 /* Home */ = {
			isa = PBXGroup;
			children = (
				AEECB03D2A45AC08003616F6 /* Cell&Header */,
				AEECB00C2A44B9E5003616F6 /* Presenter */,
				AEECB00B2A44B9E1003616F6 /* View */,
				AEECB00A2A44B9DE003616F6 /* Model */,
				AEECB00F2A44BA3E003616F6 /* HomeCoordinator.swift */,
			);
			path = Home;
			sourceTree = "<group>";
		};
		AEECB00A2A44B9DE003616F6 /* Model */ = {
			isa = PBXGroup;
			children = (
				AEECB03B2A45A901003616F6 /* HomeModel.swift */,
			);
			path = Model;
			sourceTree = "<group>";
		};
		AEECB00B2A44B9E1003616F6 /* View */ = {
			isa = PBXGroup;
			children = (
				AEECB00D2A44B9EC003616F6 /* HomeViewController.swift */,
			);
			path = View;
			sourceTree = "<group>";
		};
		AEECB00C2A44B9E5003616F6 /* Presenter */ = {
			isa = PBXGroup;
			children = (
				AEECB0392A45A789003616F6 /* HomePresenter.swift */,
			);
			path = Presenter;
			sourceTree = "<group>";
		};
		AEECB0112A44BA41003616F6 /* Contacts */ = {
			isa = PBXGroup;
			children = (
				AEECB0162A44BA79003616F6 /* Presenter */,
				AEECB0152A44BA75003616F6 /* View */,
				AEECB0142A44BA71003616F6 /* Model */,
				AEECB0122A44BA52003616F6 /* ContactsCoordinator.swift */,
			);
			path = Contacts;
			sourceTree = "<group>";
		};
		AEECB0142A44BA71003616F6 /* Model */ = {
			isa = PBXGroup;
			children = (
			);
			path = Model;
			sourceTree = "<group>";
		};
		AEECB0152A44BA75003616F6 /* View */ = {
			isa = PBXGroup;
			children = (
				AEECB0272A44BBE7003616F6 /* ContactsViewController.swift */,
			);
			path = View;
			sourceTree = "<group>";
		};
		AEECB0162A44BA79003616F6 /* Presenter */ = {
			isa = PBXGroup;
			children = (
			);
			path = Presenter;
			sourceTree = "<group>";
		};
		AEECB0172A44BA80003616F6 /* Profile */ = {
			isa = PBXGroup;
			children = (
				AEECB01A2A44BA90003616F6 /* Presenter */,
				AEECB0192A44BA8C003616F6 /* View */,
				AEECB0182A44BA85003616F6 /* Model */,
				AEECB01B2A44BA9B003616F6 /* ProfileCoordinator.swift */,
			);
			path = Profile;
			sourceTree = "<group>";
		};
		AEECB0182A44BA85003616F6 /* Model */ = {
			isa = PBXGroup;
			children = (
			);
			path = Model;
			sourceTree = "<group>";
		};
		AEECB0192A44BA8C003616F6 /* View */ = {
			isa = PBXGroup;
			children = (
				AEECB0252A44BB97003616F6 /* ProfileViewController.swift */,
			);
			path = View;
			sourceTree = "<group>";
		};
		AEECB01A2A44BA90003616F6 /* Presenter */ = {
			isa = PBXGroup;
			children = (
			);
			path = Presenter;
			sourceTree = "<group>";
		};
		AEECB01D2A44BAB2003616F6 /* Basket */ = {
			isa = PBXGroup;
			children = (
				AEECB0202A44BAC1003616F6 /* Presenter */,
				AEECB01F2A44BABE003616F6 /* View */,
				AEECB01E2A44BABB003616F6 /* Model */,
				AEECB0212A44BACD003616F6 /* BasketCoordinator.swift */,
			);
			path = Basket;
			sourceTree = "<group>";
		};
		AEECB01E2A44BABB003616F6 /* Model */ = {
			isa = PBXGroup;
			children = (
			);
			path = Model;
			sourceTree = "<group>";
		};
		AEECB01F2A44BABE003616F6 /* View */ = {
			isa = PBXGroup;
			children = (
				AEECB0232A44BB3D003616F6 /* BasketViewController.swift */,
			);
			path = View;
			sourceTree = "<group>";
		};
		AEECB0202A44BAC1003616F6 /* Presenter */ = {
			isa = PBXGroup;
			children = (
			);
			path = Presenter;
			sourceTree = "<group>";
		};
		AEECB03D2A45AC08003616F6 /* Cell&Header */ = {
			isa = PBXGroup;
			children = (
				AEECB0402A45BC71003616F6 /* TableViewHeader.swift */,
				AEECB0422A45C2A2003616F6 /* BannerCollectionViewCell.swift */,
			);
			path = "Cell&Header";
			sourceTree = "<group>";
		};
		D8B49F612A15B10C96813FE7 /* Pods */ = {
			isa = PBXGroup;
			children = (
				7ABF228711485B6C5BA8C756 /* Pods-HammerSystems.debug.xcconfig */,
				F0C01D920E29A41AC9E1A360 /* Pods-HammerSystems.release.xcconfig */,
			);
			path = Pods;
			sourceTree = "<group>";
		};
		EE7AA502834A21B41E88EA73 /* Frameworks */ = {
			isa = PBXGroup;
			children = (
				F2B3738E37F2A1CE4574019D /* Pods_HammerSystems.framework */,
			);
			name = Frameworks;
			sourceTree = "<group>";
		};
/* End PBXGroup section */

/* Begin PBXNativeTarget section */
		AE82EDF72A449DA300C366C3 /* HammerSystems */ = {
			isa = PBXNativeTarget;
			buildConfigurationList = AE82EE0C2A449DA400C366C3 /* Build configuration list for PBXNativeTarget "HammerSystems" */;
			buildPhases = (
				3781BD01881ED91195AADE5C /* [CP] Check Pods Manifest.lock */,
				AE82EDF42A449DA300C366C3 /* Sources */,
				AE82EDF52A449DA300C366C3 /* Frameworks */,
				AE82EDF62A449DA300C366C3 /* Resources */,
				65C5EAD52C60D99C9F98A441 /* [CP] Embed Pods Frameworks */,
				AEECAFE62A44A317003616F6 /* Run script */,
			);
			buildRules = (
			);
			dependencies = (
			);
			name = HammerSystems;
			productName = HammerSystems;
			productReference = AE82EDF82A449DA300C366C3 /* HammerSystems.app */;
			productType = "com.apple.product-type.application";
		};
/* End PBXNativeTarget section */

/* Begin PBXProject section */
		AE82EDF02A449DA300C366C3 /* Project object */ = {
			isa = PBXProject;
			attributes = {
				BuildIndependentTargetsInParallel = 1;
				LastSwiftUpdateCheck = 1420;
				LastUpgradeCheck = 1420;
				TargetAttributes = {
					AE82EDF72A449DA300C366C3 = {
						CreatedOnToolsVersion = 14.2;
					};
				};
			};
			buildConfigurationList = AE82EDF32A449DA300C366C3 /* Build configuration list for PBXProject "HammerSystems" */;
			compatibilityVersion = "Xcode 14.0";
			developmentRegion = en;
			hasScannedForEncodings = 0;
			knownRegions = (
				en,
				Base,
			);
			mainGroup = AE82EDEF2A449DA300C366C3;
			productRefGroup = AE82EDF92A449DA300C366C3 /* Products */;
			projectDirPath = "";
			projectRoot = "";
			targets = (
				AE82EDF72A449DA300C366C3 /* HammerSystems */,
			);
		};
/* End PBXProject section */

/* Begin PBXResourcesBuildPhase section */
		AE82EDF62A449DA300C366C3 /* Resources */ = {
			isa = PBXResourcesBuildPhase;
			buildActionMask = 2147483647;
			files = (
				AEECAFF22A44A842003616F6 /* .swiftlint.yml in Resources */,
				AEECB0362A457B88003616F6 /* sf-medium.otf in Resources */,
				AEECB0332A457B88003616F6 /* sf-thin.otf in Resources */,
				AEECB0352A457B88003616F6 /* sf-ultralight.otf in Resources */,
				AEECB0342A457B88003616F6 /* sf-light.otf in Resources */,
				AEECB0382A457B88003616F6 /* sf-heavy.otf in Resources */,
				AEECB0322A457B88003616F6 /* sf-bold.otf in Resources */,
				AE82EE082A449DA400C366C3 /* LaunchScreen.storyboard in Resources */,
				AEECB0372A457B88003616F6 /* sf-semibold.otf in Resources */,
				AEECB0312A457B88003616F6 /* sf-black.otf in Resources */,
				AE82EE052A449DA400C366C3 /* Assets.xcassets in Resources */,
			);
			runOnlyForDeploymentPostprocessing = 0;
		};
/* End PBXResourcesBuildPhase section */

/* Begin PBXShellScriptBuildPhase section */
		3781BD01881ED91195AADE5C /* [CP] Check Pods Manifest.lock */ = {
			isa = PBXShellScriptBuildPhase;
			buildActionMask = 2147483647;
			files = (
			);
			inputFileListPaths = (
			);
			inputPaths = (
				"${PODS_PODFILE_DIR_PATH}/Podfile.lock",
				"${PODS_ROOT}/Manifest.lock",
			);
			name = "[CP] Check Pods Manifest.lock";
			outputFileListPaths = (
			);
			outputPaths = (
				"$(DERIVED_FILE_DIR)/Pods-HammerSystems-checkManifestLockResult.txt",
			);
			runOnlyForDeploymentPostprocessing = 0;
			shellPath = /bin/sh;
			shellScript = "diff \"${PODS_PODFILE_DIR_PATH}/Podfile.lock\" \"${PODS_ROOT}/Manifest.lock\" > /dev/null\nif [ $? != 0 ] ; then\n    # print error to STDERR\n    echo \"error: The sandbox is not in sync with the Podfile.lock. Run 'pod install' or update your CocoaPods installation.\" >&2\n    exit 1\nfi\n# This output is used by Xcode 'outputs' to avoid re-running this script phase.\necho \"SUCCESS\" > \"${SCRIPT_OUTPUT_FILE_0}\"\n";
			showEnvVarsInLog = 0;
		};
		65C5EAD52C60D99C9F98A441 /* [CP] Embed Pods Frameworks */ = {
			isa = PBXShellScriptBuildPhase;
			buildActionMask = 2147483647;
			files = (
			);
			inputFileListPaths = (
				"${PODS_ROOT}/Target Support Files/Pods-HammerSystems/Pods-HammerSystems-frameworks-${CONFIGURATION}-input-files.xcfilelist",
			);
			name = "[CP] Embed Pods Frameworks";
			outputFileListPaths = (
				"${PODS_ROOT}/Target Support Files/Pods-HammerSystems/Pods-HammerSystems-frameworks-${CONFIGURATION}-output-files.xcfilelist",
			);
			runOnlyForDeploymentPostprocessing = 0;
			shellPath = /bin/sh;
			shellScript = "\"${PODS_ROOT}/Target Support Files/Pods-HammerSystems/Pods-HammerSystems-frameworks.sh\"\n";
			showEnvVarsInLog = 0;
		};
		AEECAFE62A44A317003616F6 /* Run script */ = {
			isa = PBXShellScriptBuildPhase;
			buildActionMask = 2147483647;
			files = (
			);
			inputFileListPaths = (
			);
			inputPaths = (
			);
			name = "Run script";
			outputFileListPaths = (
			);
			outputPaths = (
			);
			runOnlyForDeploymentPostprocessing = 0;
			shellPath = /bin/sh;
			shellScript = "\"${PODS_ROOT}/SwiftLint/swiftlint\" \n#--fix && ${PODS_ROOT}/SwiftLint/swiftlint\n";
		};
/* End PBXShellScriptBuildPhase section */

/* Begin PBXSourcesBuildPhase section */
		AE82EDF42A449DA300C366C3 /* Sources */ = {
			isa = PBXSourcesBuildPhase;
			buildActionMask = 2147483647;
			files = (
				AEECB0452A45C4B1003616F6 /* Extension + CollectionView.swift in Sources */,
				AEECAFF52A44AA53003616F6 /* Coordinator.swift in Sources */,
				AEECB0042A44B1CF003616F6 /* R.generated.swift in Sources */,
				AEECB03C2A45A901003616F6 /* HomeModel.swift in Sources */,
				AEECB0242A44BB3D003616F6 /* BasketViewController.swift in Sources */,
				AE82EDFC2A449DA300C366C3 /* AppDelegate.swift in Sources */,
				AEECB0132A44BA52003616F6 /* ContactsCoordinator.swift in Sources */,
				AEECB0282A44BBE7003616F6 /* ContactsViewController.swift in Sources */,
				AEECB01C2A44BA9B003616F6 /* ProfileCoordinator.swift in Sources */,
				AEECAFFC2A44AF60003616F6 /* TabBarCoordinator.swift in Sources */,
				AEECB00E2A44B9EC003616F6 /* HomeViewController.swift in Sources */,
				AEECAFFA2A44ABCD003616F6 /* TabBarController.swift in Sources */,
				AEECB0022A44B170003616F6 /* BaseViewController.swift in Sources */,
				AEECB0432A45C2A2003616F6 /* BannerCollectionViewCell.swift in Sources */,
				AEECB03A2A45A789003616F6 /* HomePresenter.swift in Sources */,
				AEECB0102A44BA3E003616F6 /* HomeCoordinator.swift in Sources */,
				AEECB0222A44BACD003616F6 /* BasketCoordinator.swift in Sources */,
				AEECB0262A44BB97003616F6 /* ProfileViewController.swift in Sources */,
				AEECB0412A45BC71003616F6 /* TableViewHeader.swift in Sources */,
				AEECAFF72A44ABBF003616F6 /* MainCoordinator.swift in Sources */,
				AE82EDFE2A449DA300C366C3 /* SceneDelegate.swift in Sources */,
			);
			runOnlyForDeploymentPostprocessing = 0;
		};
/* End PBXSourcesBuildPhase section */

/* Begin PBXVariantGroup section */
		AE82EE062A449DA400C366C3 /* LaunchScreen.storyboard */ = {
			isa = PBXVariantGroup;
			children = (
				AE82EE072A449DA400C366C3 /* Base */,
			);
			name = LaunchScreen.storyboard;
			sourceTree = "<group>";
		};
/* End PBXVariantGroup section */

/* Begin XCBuildConfiguration section */
		AE82EE0A2A449DA400C366C3 /* Debug */ = {
			isa = XCBuildConfiguration;
			buildSettings = {
				ALWAYS_SEARCH_USER_PATHS = NO;
				CLANG_ANALYZER_NONNULL = YES;
				CLANG_ANALYZER_NUMBER_OBJECT_CONVERSION = YES_AGGRESSIVE;
				CLANG_CXX_LANGUAGE_STANDARD = "gnu++20";
				CLANG_ENABLE_MODULES = YES;
				CLANG_ENABLE_OBJC_ARC = YES;
				CLANG_ENABLE_OBJC_WEAK = YES;
				CLANG_WARN_BLOCK_CAPTURE_AUTORELEASING = YES;
				CLANG_WARN_BOOL_CONVERSION = YES;
				CLANG_WARN_COMMA = YES;
				CLANG_WARN_CONSTANT_CONVERSION = YES;
				CLANG_WARN_DEPRECATED_OBJC_IMPLEMENTATIONS = YES;
				CLANG_WARN_DIRECT_OBJC_ISA_USAGE = YES_ERROR;
				CLANG_WARN_DOCUMENTATION_COMMENTS = YES;
				CLANG_WARN_EMPTY_BODY = YES;
				CLANG_WARN_ENUM_CONVERSION = YES;
				CLANG_WARN_INFINITE_RECURSION = YES;
				CLANG_WARN_INT_CONVERSION = YES;
				CLANG_WARN_NON_LITERAL_NULL_CONVERSION = YES;
				CLANG_WARN_OBJC_IMPLICIT_RETAIN_SELF = YES;
				CLANG_WARN_OBJC_LITERAL_CONVERSION = YES;
				CLANG_WARN_OBJC_ROOT_CLASS = YES_ERROR;
				CLANG_WARN_QUOTED_INCLUDE_IN_FRAMEWORK_HEADER = YES;
				CLANG_WARN_RANGE_LOOP_ANALYSIS = YES;
				CLANG_WARN_STRICT_PROTOTYPES = YES;
				CLANG_WARN_SUSPICIOUS_MOVE = YES;
				CLANG_WARN_UNGUARDED_AVAILABILITY = YES_AGGRESSIVE;
				CLANG_WARN_UNREACHABLE_CODE = YES;
				CLANG_WARN__DUPLICATE_METHOD_MATCH = YES;
				COPY_PHASE_STRIP = NO;
				DEBUG_INFORMATION_FORMAT = dwarf;
				ENABLE_STRICT_OBJC_MSGSEND = YES;
				ENABLE_TESTABILITY = YES;
				GCC_C_LANGUAGE_STANDARD = gnu11;
				GCC_DYNAMIC_NO_PIC = NO;
				GCC_NO_COMMON_BLOCKS = YES;
				GCC_OPTIMIZATION_LEVEL = 0;
				GCC_PREPROCESSOR_DEFINITIONS = (
					"DEBUG=1",
					"$(inherited)",
				);
				GCC_WARN_64_TO_32_BIT_CONVERSION = YES;
				GCC_WARN_ABOUT_RETURN_TYPE = YES_ERROR;
				GCC_WARN_UNDECLARED_SELECTOR = YES;
				GCC_WARN_UNINITIALIZED_AUTOS = YES_AGGRESSIVE;
				GCC_WARN_UNUSED_FUNCTION = YES;
				GCC_WARN_UNUSED_VARIABLE = YES;
				IPHONEOS_DEPLOYMENT_TARGET = 16.2;
				MTL_ENABLE_DEBUG_INFO = INCLUDE_SOURCE;
				MTL_FAST_MATH = YES;
				ONLY_ACTIVE_ARCH = YES;
				SDKROOT = iphoneos;
				SWIFT_ACTIVE_COMPILATION_CONDITIONS = DEBUG;
				SWIFT_OPTIMIZATION_LEVEL = "-Onone";
			};
			name = Debug;
		};
		AE82EE0B2A449DA400C366C3 /* Release */ = {
			isa = XCBuildConfiguration;
			buildSettings = {
				ALWAYS_SEARCH_USER_PATHS = NO;
				CLANG_ANALYZER_NONNULL = YES;
				CLANG_ANALYZER_NUMBER_OBJECT_CONVERSION = YES_AGGRESSIVE;
				CLANG_CXX_LANGUAGE_STANDARD = "gnu++20";
				CLANG_ENABLE_MODULES = YES;
				CLANG_ENABLE_OBJC_ARC = YES;
				CLANG_ENABLE_OBJC_WEAK = YES;
				CLANG_WARN_BLOCK_CAPTURE_AUTORELEASING = YES;
				CLANG_WARN_BOOL_CONVERSION = YES;
				CLANG_WARN_COMMA = YES;
				CLANG_WARN_CONSTANT_CONVERSION = YES;
				CLANG_WARN_DEPRECATED_OBJC_IMPLEMENTATIONS = YES;
				CLANG_WARN_DIRECT_OBJC_ISA_USAGE = YES_ERROR;
				CLANG_WARN_DOCUMENTATION_COMMENTS = YES;
				CLANG_WARN_EMPTY_BODY = YES;
				CLANG_WARN_ENUM_CONVERSION = YES;
				CLANG_WARN_INFINITE_RECURSION = YES;
				CLANG_WARN_INT_CONVERSION = YES;
				CLANG_WARN_NON_LITERAL_NULL_CONVERSION = YES;
				CLANG_WARN_OBJC_IMPLICIT_RETAIN_SELF = YES;
				CLANG_WARN_OBJC_LITERAL_CONVERSION = YES;
				CLANG_WARN_OBJC_ROOT_CLASS = YES_ERROR;
				CLANG_WARN_QUOTED_INCLUDE_IN_FRAMEWORK_HEADER = YES;
				CLANG_WARN_RANGE_LOOP_ANALYSIS = YES;
				CLANG_WARN_STRICT_PROTOTYPES = YES;
				CLANG_WARN_SUSPICIOUS_MOVE = YES;
				CLANG_WARN_UNGUARDED_AVAILABILITY = YES_AGGRESSIVE;
				CLANG_WARN_UNREACHABLE_CODE = YES;
				CLANG_WARN__DUPLICATE_METHOD_MATCH = YES;
				COPY_PHASE_STRIP = NO;
				DEBUG_INFORMATION_FORMAT = "dwarf-with-dsym";
				ENABLE_NS_ASSERTIONS = NO;
				ENABLE_STRICT_OBJC_MSGSEND = YES;
				GCC_C_LANGUAGE_STANDARD = gnu11;
				GCC_NO_COMMON_BLOCKS = YES;
				GCC_WARN_64_TO_32_BIT_CONVERSION = YES;
				GCC_WARN_ABOUT_RETURN_TYPE = YES_ERROR;
				GCC_WARN_UNDECLARED_SELECTOR = YES;
				GCC_WARN_UNINITIALIZED_AUTOS = YES_AGGRESSIVE;
				GCC_WARN_UNUSED_FUNCTION = YES;
				GCC_WARN_UNUSED_VARIABLE = YES;
				IPHONEOS_DEPLOYMENT_TARGET = 16.2;
				MTL_ENABLE_DEBUG_INFO = NO;
				MTL_FAST_MATH = YES;
				SDKROOT = iphoneos;
				SWIFT_COMPILATION_MODE = wholemodule;
				SWIFT_OPTIMIZATION_LEVEL = "-O";
				VALIDATE_PRODUCT = YES;
			};
			name = Release;
		};
		AE82EE0D2A449DA400C366C3 /* Debug */ = {
			isa = XCBuildConfiguration;
			baseConfigurationReference = 7ABF228711485B6C5BA8C756 /* Pods-HammerSystems.debug.xcconfig */;
			buildSettings = {
				ASSETCATALOG_COMPILER_APPICON_NAME = AppIcon;
				ASSETCATALOG_COMPILER_GLOBAL_ACCENT_COLOR_NAME = AccentColor;
				CODE_SIGN_STYLE = Automatic;
				CURRENT_PROJECT_VERSION = 1;
				DEVELOPMENT_TEAM = 7K5H82MGKM;
				GENERATE_INFOPLIST_FILE = YES;
				INFOPLIST_FILE = HammerSystems/Info.plist;
				INFOPLIST_KEY_UIApplicationSupportsIndirectInputEvents = YES;
				INFOPLIST_KEY_UILaunchStoryboardName = LaunchScreen;
				INFOPLIST_KEY_UISupportedInterfaceOrientations_iPad = "UIInterfaceOrientationPortrait UIInterfaceOrientationPortraitUpsideDown UIInterfaceOrientationLandscapeLeft UIInterfaceOrientationLandscapeRight";
				INFOPLIST_KEY_UISupportedInterfaceOrientations_iPhone = "UIInterfaceOrientationPortrait UIInterfaceOrientationLandscapeLeft UIInterfaceOrientationLandscapeRight";
				LD_RUNPATH_SEARCH_PATHS = (
					"$(inherited)",
					"@executable_path/Frameworks",
				);
				MARKETING_VERSION = 1.0;
				PRODUCT_BUNDLE_IDENTIFIER = myself.HammerSystems;
				PRODUCT_NAME = "$(TARGET_NAME)";
				SWIFT_EMIT_LOC_STRINGS = YES;
				SWIFT_VERSION = 5.0;
				TARGETED_DEVICE_FAMILY = "1,2";
			};
			name = Debug;
		};
		AE82EE0E2A449DA400C366C3 /* Release */ = {
			isa = XCBuildConfiguration;
			baseConfigurationReference = F0C01D920E29A41AC9E1A360 /* Pods-HammerSystems.release.xcconfig */;
			buildSettings = {
				ASSETCATALOG_COMPILER_APPICON_NAME = AppIcon;
				ASSETCATALOG_COMPILER_GLOBAL_ACCENT_COLOR_NAME = AccentColor;
				CODE_SIGN_STYLE = Automatic;
				CURRENT_PROJECT_VERSION = 1;
				DEVELOPMENT_TEAM = 7K5H82MGKM;
				GENERATE_INFOPLIST_FILE = YES;
				INFOPLIST_FILE = HammerSystems/Info.plist;
				INFOPLIST_KEY_UIApplicationSupportsIndirectInputEvents = YES;
				INFOPLIST_KEY_UILaunchStoryboardName = LaunchScreen;
				INFOPLIST_KEY_UISupportedInterfaceOrientations_iPad = "UIInterfaceOrientationPortrait UIInterfaceOrientationPortraitUpsideDown UIInterfaceOrientationLandscapeLeft UIInterfaceOrientationLandscapeRight";
				INFOPLIST_KEY_UISupportedInterfaceOrientations_iPhone = "UIInterfaceOrientationPortrait UIInterfaceOrientationLandscapeLeft UIInterfaceOrientationLandscapeRight";
				LD_RUNPATH_SEARCH_PATHS = (
					"$(inherited)",
					"@executable_path/Frameworks",
				);
				MARKETING_VERSION = 1.0;
				PRODUCT_BUNDLE_IDENTIFIER = myself.HammerSystems;
				PRODUCT_NAME = "$(TARGET_NAME)";
				SWIFT_EMIT_LOC_STRINGS = YES;
				SWIFT_VERSION = 5.0;
				TARGETED_DEVICE_FAMILY = "1,2";
			};
			name = Release;
		};
/* End XCBuildConfiguration section */

/* Begin XCConfigurationList section */
		AE82EDF32A449DA300C366C3 /* Build configuration list for PBXProject "HammerSystems" */ = {
			isa = XCConfigurationList;
			buildConfigurations = (
				AE82EE0A2A449DA400C366C3 /* Debug */,
				AE82EE0B2A449DA400C366C3 /* Release */,
			);
			defaultConfigurationIsVisible = 0;
			defaultConfigurationName = Release;
		};
		AE82EE0C2A449DA400C366C3 /* Build configuration list for PBXNativeTarget "HammerSystems" */ = {
			isa = XCConfigurationList;
			buildConfigurations = (
				AE82EE0D2A449DA400C366C3 /* Debug */,
				AE82EE0E2A449DA400C366C3 /* Release */,
			);
			defaultConfigurationIsVisible = 0;
			defaultConfigurationName = Release;
		};
/* End XCConfigurationList section */
	};
	rootObject = AE82EDF02A449DA300C366C3 /* Project object */;
}
